// !$*UTF8*$!
{
	archiveVersion = 1;
	classes = {
	};
	objectVersion = 55;
	objects = {

/* Begin PBXBuildFile section */
		1C2D54CE069511A2AA070D68 /* Pods_CityAirportSearch.framework in Frameworks */ = {isa = PBXBuildFile; fileRef = 6541C7C7345ED09D3EAB7AA4 /* Pods_CityAirportSearch.framework */; };
		2C011F34279713A800B38785 /* AirportTableViewCell.swift in Sources */ = {isa = PBXBuildFile; fileRef = 2C011F32279713A800B38785 /* AirportTableViewCell.swift */; };
		2C011F35279713A800B38785 /* AirportTableViewCell.xib in Resources */ = {isa = PBXBuildFile; fileRef = 2C011F33279713A800B38785 /* AirportTableViewCell.xib */; };
		2C011F372797166500B38785 /* AirportViewModel.swift in Sources */ = {isa = PBXBuildFile; fileRef = 2C011F362797166500B38785 /* AirportViewModel.swift */; };
		2C54FBD2279A68CD00A537FB /* LocationService.swift in Sources */ = {isa = PBXBuildFile; fileRef = 2C54FBD1279A68CD00A537FB /* LocationService.swift */; };
		2CA2BB2C27946BAB00F8D107 /* AppDelegate.swift in Sources */ = {isa = PBXBuildFile; fileRef = 2CA2BB2B27946BAB00F8D107 /* AppDelegate.swift */; };
		2CA2BB2E27946BAB00F8D107 /* SceneDelegate.swift in Sources */ = {isa = PBXBuildFile; fileRef = 2CA2BB2D27946BAB00F8D107 /* SceneDelegate.swift */; };
		2CA2BB3027946BAB00F8D107 /* SearchCityViewController.swift in Sources */ = {isa = PBXBuildFile; fileRef = 2CA2BB2F27946BAB00F8D107 /* SearchCityViewController.swift */; };
		2CA2BB3327946BAB00F8D107 /* Main.storyboard in Resources */ = {isa = PBXBuildFile; fileRef = 2CA2BB3127946BAB00F8D107 /* Main.storyboard */; };
		2CA2BB3527946BAB00F8D107 /* Assets.xcassets in Resources */ = {isa = PBXBuildFile; fileRef = 2CA2BB3427946BAB00F8D107 /* Assets.xcassets */; };
		2CA2BB3827946BAB00F8D107 /* LaunchScreen.storyboard in Resources */ = {isa = PBXBuildFile; fileRef = 2CA2BB3627946BAB00F8D107 /* LaunchScreen.storyboard */; };
		2CA2BB4227946E9000F8D107 /* SearchCityViewModel.swift in Sources */ = {isa = PBXBuildFile; fileRef = 2CA2BB4127946E9000F8D107 /* SearchCityViewModel.swift */; };
		2CA2BB452794715400F8D107 /* SearchCityCoordinator.swift in Sources */ = {isa = PBXBuildFile; fileRef = 2CA2BB442794715400F8D107 /* SearchCityCoordinator.swift */; };
		2CA2BB472794717D00F8D107 /* Coordinator.swift in Sources */ = {isa = PBXBuildFile; fileRef = 2CA2BB462794717D00F8D107 /* Coordinator.swift */; };
		2CA2BB4A2794728500F8D107 /* BaseCoordinator.swift in Sources */ = {isa = PBXBuildFile; fileRef = 2CA2BB492794728500F8D107 /* BaseCoordinator.swift */; };
		2CA2BB4D279472F000F8D107 /* Storyboardable.swift in Sources */ = {isa = PBXBuildFile; fileRef = 2CA2BB4C279472F000F8D107 /* Storyboardable.swift */; };
		2CA2BB4F2794761D00F8D107 /* AppCoordinator.swift in Sources */ = {isa = PBXBuildFile; fileRef = 2CA2BB4E2794761D00F8D107 /* AppCoordinator.swift */; };
		2CA2BB53279480C000F8D107 /* HttpRouter.swift in Sources */ = {isa = PBXBuildFile; fileRef = 2CA2BB52279480C000F8D107 /* HttpRouter.swift */; };
		2CA2BB552794813100F8D107 /* HttpService.swift in Sources */ = {isa = PBXBuildFile; fileRef = 2CA2BB542794813100F8D107 /* HttpService.swift */; };
		2CA2BB572794817B00F8D107 /* AirportHttpService.swift in Sources */ = {isa = PBXBuildFile; fileRef = 2CA2BB562794817B00F8D107 /* AirportHttpService.swift */; };
		2CA2BB59279481BF00F8D107 /* AirportHttpRouter.swift in Sources */ = {isa = PBXBuildFile; fileRef = 2CA2BB58279481BF00F8D107 /* AirportHttpRouter.swift */; };
		2CA2BB5B279483D400F8D107 /* AirportService.swift in Sources */ = {isa = PBXBuildFile; fileRef = 2CA2BB5A279483D400F8D107 /* AirportService.swift */; };
		2CA2BB5D279483F700F8D107 /* AirportAPI.swift in Sources */ = {isa = PBXBuildFile; fileRef = 2CA2BB5C279483F700F8D107 /* AirportAPI.swift */; };
		2CA2BB61279484B700F8D107 /* AirportModel.swift in Sources */ = {isa = PBXBuildFile; fileRef = 2CA2BB60279484B700F8D107 /* AirportModel.swift */; };
		2CA2BB6327948AE700F8D107 /* CustomError.swift in Sources */ = {isa = PBXBuildFile; fileRef = 2CA2BB6227948AE700F8D107 /* CustomError.swift */; };
		2CA3893B27968281004458C3 /* AirportsViewController.swift in Sources */ = {isa = PBXBuildFile; fileRef = 2CA3893A27968281004458C3 /* AirportsViewController.swift */; };
		2CA3893D279682F2004458C3 /* AirportsViewModel.swift in Sources */ = {isa = PBXBuildFile; fileRef = 2CA3893C279682F2004458C3 /* AirportsViewModel.swift */; };
		2CA3893F27968AF6004458C3 /* AirportsCoordinator.swift in Sources */ = {isa = PBXBuildFile; fileRef = 2CA3893E27968AF6004458C3 /* AirportsCoordinator.swift */; };
		2CCEFBEB279530AD005DCD70 /* CityViewModel.swift in Sources */ = {isa = PBXBuildFile; fileRef = 2CCEFBEA279530AD005DCD70 /* CityViewModel.swift */; };
		2CCEFBEE27953AD6005DCD70 /* CityTableViewCell.swift in Sources */ = {isa = PBXBuildFile; fileRef = 2CCEFBEC27953AD6005DCD70 /* CityTableViewCell.swift */; };
		2CCEFBEF27953AD6005DCD70 /* CityTableViewCell.xib in Resources */ = {isa = PBXBuildFile; fileRef = 2CCEFBED27953AD6005DCD70 /* CityTableViewCell.xib */; };
/* End PBXBuildFile section */

/* Begin PBXFileReference section */
		2C011F32279713A800B38785 /* AirportTableViewCell.swift */ = {isa = PBXFileReference; lastKnownFileType = sourcecode.swift; path = AirportTableViewCell.swift; sourceTree = "<group>"; };
		2C011F33279713A800B38785 /* AirportTableViewCell.xib */ = {isa = PBXFileReference; lastKnownFileType = file.xib; path = AirportTableViewCell.xib; sourceTree = "<group>"; };
		2C011F362797166500B38785 /* AirportViewModel.swift */ = {isa = PBXFileReference; lastKnownFileType = sourcecode.swift; path = AirportViewModel.swift; sourceTree = "<group>"; };
		2C54FBD1279A68CD00A537FB /* LocationService.swift */ = {isa = PBXFileReference; lastKnownFileType = sourcecode.swift; path = LocationService.swift; sourceTree = "<group>"; };
		2CA2BB2827946BAB00F8D107 /* CityAirportSearch.app */ = {isa = PBXFileReference; explicitFileType = wrapper.application; includeInIndex = 0; path = CityAirportSearch.app; sourceTree = BUILT_PRODUCTS_DIR; };
		2CA2BB2B27946BAB00F8D107 /* AppDelegate.swift */ = {isa = PBXFileReference; lastKnownFileType = sourcecode.swift; path = AppDelegate.swift; sourceTree = "<group>"; };
		2CA2BB2D27946BAB00F8D107 /* SceneDelegate.swift */ = {isa = PBXFileReference; lastKnownFileType = sourcecode.swift; path = SceneDelegate.swift; sourceTree = "<group>"; };
		2CA2BB2F27946BAB00F8D107 /* SearchCityViewController.swift */ = {isa = PBXFileReference; lastKnownFileType = sourcecode.swift; path = SearchCityViewController.swift; sourceTree = "<group>"; };
		2CA2BB3227946BAB00F8D107 /* Base */ = {isa = PBXFileReference; lastKnownFileType = file.storyboard; name = Base; path = Base.lproj/Main.storyboard; sourceTree = "<group>"; };
		2CA2BB3427946BAB00F8D107 /* Assets.xcassets */ = {isa = PBXFileReference; lastKnownFileType = folder.assetcatalog; path = Assets.xcassets; sourceTree = "<group>"; };
		2CA2BB3727946BAB00F8D107 /* Base */ = {isa = PBXFileReference; lastKnownFileType = file.storyboard; name = Base; path = Base.lproj/LaunchScreen.storyboard; sourceTree = "<group>"; };
		2CA2BB3927946BAB00F8D107 /* Info.plist */ = {isa = PBXFileReference; lastKnownFileType = text.plist.xml; path = Info.plist; sourceTree = "<group>"; };
		2CA2BB4127946E9000F8D107 /* SearchCityViewModel.swift */ = {isa = PBXFileReference; lastKnownFileType = sourcecode.swift; path = SearchCityViewModel.swift; sourceTree = "<group>"; };
		2CA2BB442794715400F8D107 /* SearchCityCoordinator.swift */ = {isa = PBXFileReference; lastKnownFileType = sourcecode.swift; path = SearchCityCoordinator.swift; sourceTree = "<group>"; };
		2CA2BB462794717D00F8D107 /* Coordinator.swift */ = {isa = PBXFileReference; lastKnownFileType = sourcecode.swift; path = Coordinator.swift; sourceTree = "<group>"; };
		2CA2BB492794728500F8D107 /* BaseCoordinator.swift */ = {isa = PBXFileReference; lastKnownFileType = sourcecode.swift; path = BaseCoordinator.swift; sourceTree = "<group>"; };
		2CA2BB4C279472F000F8D107 /* Storyboardable.swift */ = {isa = PBXFileReference; lastKnownFileType = sourcecode.swift; path = Storyboardable.swift; sourceTree = "<group>"; };
		2CA2BB4E2794761D00F8D107 /* AppCoordinator.swift */ = {isa = PBXFileReference; lastKnownFileType = sourcecode.swift; path = AppCoordinator.swift; sourceTree = "<group>"; };
		2CA2BB52279480C000F8D107 /* HttpRouter.swift */ = {isa = PBXFileReference; lastKnownFileType = sourcecode.swift; path = HttpRouter.swift; sourceTree = "<group>"; };
		2CA2BB542794813100F8D107 /* HttpService.swift */ = {isa = PBXFileReference; lastKnownFileType = sourcecode.swift; path = HttpService.swift; sourceTree = "<group>"; };
		2CA2BB562794817B00F8D107 /* AirportHttpService.swift */ = {isa = PBXFileReference; lastKnownFileType = sourcecode.swift; path = AirportHttpService.swift; sourceTree = "<group>"; };
		2CA2BB58279481BF00F8D107 /* AirportHttpRouter.swift */ = {isa = PBXFileReference; lastKnownFileType = sourcecode.swift; path = AirportHttpRouter.swift; sourceTree = "<group>"; };
		2CA2BB5A279483D400F8D107 /* AirportService.swift */ = {isa = PBXFileReference; lastKnownFileType = sourcecode.swift; path = AirportService.swift; sourceTree = "<group>"; };
		2CA2BB5C279483F700F8D107 /* AirportAPI.swift */ = {isa = PBXFileReference; lastKnownFileType = sourcecode.swift; path = AirportAPI.swift; sourceTree = "<group>"; };
		2CA2BB60279484B700F8D107 /* AirportModel.swift */ = {isa = PBXFileReference; lastKnownFileType = sourcecode.swift; path = AirportModel.swift; sourceTree = "<group>"; };
		2CA2BB6227948AE700F8D107 /* CustomError.swift */ = {isa = PBXFileReference; lastKnownFileType = sourcecode.swift; path = CustomError.swift; sourceTree = "<group>"; };
		2CA3893A27968281004458C3 /* AirportsViewController.swift */ = {isa = PBXFileReference; lastKnownFileType = sourcecode.swift; path = AirportsViewController.swift; sourceTree = "<group>"; };
		2CA3893C279682F2004458C3 /* AirportsViewModel.swift */ = {isa = PBXFileReference; lastKnownFileType = sourcecode.swift; path = AirportsViewModel.swift; sourceTree = "<group>"; };
		2CA3893E27968AF6004458C3 /* AirportsCoordinator.swift */ = {isa = PBXFileReference; lastKnownFileType = sourcecode.swift; path = AirportsCoordinator.swift; sourceTree = "<group>"; };
		2CCEFBEA279530AD005DCD70 /* CityViewModel.swift */ = {isa = PBXFileReference; lastKnownFileType = sourcecode.swift; path = CityViewModel.swift; sourceTree = "<group>"; };
		2CCEFBEC27953AD6005DCD70 /* CityTableViewCell.swift */ = {isa = PBXFileReference; lastKnownFileType = sourcecode.swift; path = CityTableViewCell.swift; sourceTree = "<group>"; };
		2CCEFBED27953AD6005DCD70 /* CityTableViewCell.xib */ = {isa = PBXFileReference; lastKnownFileType = file.xib; path = CityTableViewCell.xib; sourceTree = "<group>"; };
		5A88F7E8F96DC19E78A7FDAC /* Pods-CityAirportSearch.release.xcconfig */ = {isa = PBXFileReference; includeInIndex = 1; lastKnownFileType = text.xcconfig; name = "Pods-CityAirportSearch.release.xcconfig"; path = "Target Support Files/Pods-CityAirportSearch/Pods-CityAirportSearch.release.xcconfig"; sourceTree = "<group>"; };
		6541C7C7345ED09D3EAB7AA4 /* Pods_CityAirportSearch.framework */ = {isa = PBXFileReference; explicitFileType = wrapper.framework; includeInIndex = 0; path = Pods_CityAirportSearch.framework; sourceTree = BUILT_PRODUCTS_DIR; };
		F71795402999FDCCFB8F7BC0 /* Pods-CityAirportSearch.debug.xcconfig */ = {isa = PBXFileReference; includeInIndex = 1; lastKnownFileType = text.xcconfig; name = "Pods-CityAirportSearch.debug.xcconfig"; path = "Target Support Files/Pods-CityAirportSearch/Pods-CityAirportSearch.debug.xcconfig"; sourceTree = "<group>"; };
/* End PBXFileReference section */

/* Begin PBXFrameworksBuildPhase section */
		2CA2BB2527946BAB00F8D107 /* Frameworks */ = {
			isa = PBXFrameworksBuildPhase;
			buildActionMask = 2147483647;
			files = (
				1C2D54CE069511A2AA070D68 /* Pods_CityAirportSearch.framework in Frameworks */,
			);
			runOnlyForDeploymentPostprocessing = 0;
		};
/* End PBXFrameworksBuildPhase section */

/* Begin PBXGroup section */
		2C54FBD0279A68BC00A537FB /* Location */ = {
			isa = PBXGroup;
			children = (
				2C54FBD1279A68CD00A537FB /* LocationService.swift */,
			);
			path = Location;
			sourceTree = "<group>";
		};
		2CA2BB1F27946BAB00F8D107 = {
			isa = PBXGroup;
			children = (
				2CA2BB2A27946BAB00F8D107 /* CityAirportSearch */,
				2CA2BB2927946BAB00F8D107 /* Products */,
				CCC7107E1F30C421F7D77475 /* Pods */,
				5917C35714344F25A96D6B23 /* Frameworks */,
			);
			sourceTree = "<group>";
		};
		2CA2BB2927946BAB00F8D107 /* Products */ = {
			isa = PBXGroup;
			children = (
				2CA2BB2827946BAB00F8D107 /* CityAirportSearch.app */,
			);
			name = Products;
			sourceTree = "<group>";
		};
		2CA2BB2A27946BAB00F8D107 /* CityAirportSearch */ = {
			isa = PBXGroup;
			children = (
				2CA2BB2B27946BAB00F8D107 /* AppDelegate.swift */,
				2CA2BB2D27946BAB00F8D107 /* SceneDelegate.swift */,
				2CA2BB4B279472DC00F8D107 /* Shared */,
				2CA2BB432794713600F8D107 /* Coordinator */,
				2CA2BB3127946BAB00F8D107 /* Main.storyboard */,
				2CA2BB5E2794848B00F8D107 /* Models */,
				2CA2BB502794808D00F8D107 /* Service */,
				2CA2BB4027946E3000F8D107 /* ViewModel */,
				2CA2BB3F27946E2700F8D107 /* View */,
				2CA2BB3427946BAB00F8D107 /* Assets.xcassets */,
				2CA2BB3627946BAB00F8D107 /* LaunchScreen.storyboard */,
				2CA2BB3927946BAB00F8D107 /* Info.plist */,
			);
			path = CityAirportSearch;
			sourceTree = "<group>";
		};
		2CA2BB3F27946E2700F8D107 /* View */ = {
			isa = PBXGroup;
			children = (
				2CA2BB2F27946BAB00F8D107 /* SearchCityViewController.swift */,
				2CCEFBEC27953AD6005DCD70 /* CityTableViewCell.swift */,
				2CCEFBED27953AD6005DCD70 /* CityTableViewCell.xib */,
				2CA3893A27968281004458C3 /* AirportsViewController.swift */,
				2C011F32279713A800B38785 /* AirportTableViewCell.swift */,
				2C011F33279713A800B38785 /* AirportTableViewCell.xib */,
			);
			path = View;
			sourceTree = "<group>";
		};
		2CA2BB4027946E3000F8D107 /* ViewModel */ = {
			isa = PBXGroup;
			children = (
				2CA2BB4127946E9000F8D107 /* SearchCityViewModel.swift */,
				2CCEFBEA279530AD005DCD70 /* CityViewModel.swift */,
				2CA3893C279682F2004458C3 /* AirportsViewModel.swift */,
				2C011F362797166500B38785 /* AirportViewModel.swift */,
			);
			path = ViewModel;
			sourceTree = "<group>";
		};
		2CA2BB432794713600F8D107 /* Coordinator */ = {
			isa = PBXGroup;
			children = (
				2CA2BB442794715400F8D107 /* SearchCityCoordinator.swift */,
				2CA2BB462794717D00F8D107 /* Coordinator.swift */,
				2CA2BB492794728500F8D107 /* BaseCoordinator.swift */,
				2CA2BB4E2794761D00F8D107 /* AppCoordinator.swift */,
				2CA3893E27968AF6004458C3 /* AirportsCoordinator.swift */,
			);
			path = Coordinator;
			sourceTree = "<group>";
		};
		2CA2BB4B279472DC00F8D107 /* Shared */ = {
			isa = PBXGroup;
			children = (
				2CA2BB4C279472F000F8D107 /* Storyboardable.swift */,
			);
			path = Shared;
			sourceTree = "<group>";
		};
		2CA2BB502794808D00F8D107 /* Service */ = {
			isa = PBXGroup;
			children = (
				2C54FBD0279A68BC00A537FB /* Location */,
				2CA2BB512794809C00F8D107 /* Http */,
				2CA2BB5A279483D400F8D107 /* AirportService.swift */,
				2CA2BB5C279483F700F8D107 /* AirportAPI.swift */,
			);
			path = Service;
			sourceTree = "<group>";
		};
		2CA2BB512794809C00F8D107 /* Http */ = {
			isa = PBXGroup;
			children = (
				2CA2BB52279480C000F8D107 /* HttpRouter.swift */,
				2CA2BB542794813100F8D107 /* HttpService.swift */,
				2CA2BB562794817B00F8D107 /* AirportHttpService.swift */,
				2CA2BB58279481BF00F8D107 /* AirportHttpRouter.swift */,
			);
			path = Http;
			sourceTree = "<group>";
		};
		2CA2BB5E2794848B00F8D107 /* Models */ = {
			isa = PBXGroup;
			children = (
				2CA2BB60279484B700F8D107 /* AirportModel.swift */,
				2CA2BB6227948AE700F8D107 /* CustomError.swift */,
			);
			path = Models;
			sourceTree = "<group>";
		};
		5917C35714344F25A96D6B23 /* Frameworks */ = {
			isa = PBXGroup;
			children = (
				6541C7C7345ED09D3EAB7AA4 /* Pods_CityAirportSearch.framework */,
			);
			name = Frameworks;
			sourceTree = "<group>";
		};
		CCC7107E1F30C421F7D77475 /* Pods */ = {
			isa = PBXGroup;
			children = (
				F71795402999FDCCFB8F7BC0 /* Pods-CityAirportSearch.debug.xcconfig */,
				5A88F7E8F96DC19E78A7FDAC /* Pods-CityAirportSearch.release.xcconfig */,
			);
			path = Pods;
			sourceTree = "<group>";
		};
/* End PBXGroup section */

/* Begin PBXNativeTarget section */
		2CA2BB2727946BAB00F8D107 /* CityAirportSearch */ = {
			isa = PBXNativeTarget;
			buildConfigurationList = 2CA2BB3C27946BAB00F8D107 /* Build configuration list for PBXNativeTarget "CityAirportSearch" */;
			buildPhases = (
				24E75B43AF0BCC50D914ADC6 /* [CP] Check Pods Manifest.lock */,
				2CA2BB2427946BAB00F8D107 /* Sources */,
				2CA2BB2527946BAB00F8D107 /* Frameworks */,
				2CA2BB2627946BAB00F8D107 /* Resources */,
				E4139067DF84372ABE722566 /* [CP] Embed Pods Frameworks */,
			);
			buildRules = (
			);
			dependencies = (
			);
			name = CityAirportSearch;
			productName = CityAirportSearch;
			productReference = 2CA2BB2827946BAB00F8D107 /* CityAirportSearch.app */;
			productType = "com.apple.product-type.application";
		};
/* End PBXNativeTarget section */

/* Begin PBXProject section */
		2CA2BB2027946BAB00F8D107 /* Project object */ = {
			isa = PBXProject;
			attributes = {
				BuildIndependentTargetsInParallel = 1;
				LastSwiftUpdateCheck = 1320;
				LastUpgradeCheck = 1320;
				TargetAttributes = {
					2CA2BB2727946BAB00F8D107 = {
						CreatedOnToolsVersion = 13.2.1;
					};
				};
			};
			buildConfigurationList = 2CA2BB2327946BAB00F8D107 /* Build configuration list for PBXProject "CityAirportSearch" */;
			compatibilityVersion = "Xcode 13.0";
			developmentRegion = en;
			hasScannedForEncodings = 0;
			knownRegions = (
				en,
				Base,
			);
			mainGroup = 2CA2BB1F27946BAB00F8D107;
			productRefGroup = 2CA2BB2927946BAB00F8D107 /* Products */;
			projectDirPath = "";
			projectRoot = "";
			targets = (
				2CA2BB2727946BAB00F8D107 /* CityAirportSearch */,
			);
		};
/* End PBXProject section */

/* Begin PBXResourcesBuildPhase section */
		2CA2BB2627946BAB00F8D107 /* Resources */ = {
			isa = PBXResourcesBuildPhase;
			buildActionMask = 2147483647;
			files = (
				2CA2BB3827946BAB00F8D107 /* LaunchScreen.storyboard in Resources */,
				2C011F35279713A800B38785 /* AirportTableViewCell.xib in Resources */,
				2CA2BB3527946BAB00F8D107 /* Assets.xcassets in Resources */,
				2CCEFBEF27953AD6005DCD70 /* CityTableViewCell.xib in Resources */,
				2CA2BB3327946BAB00F8D107 /* Main.storyboard in Resources */,
			);
			runOnlyForDeploymentPostprocessing = 0;
		};
/* End PBXResourcesBuildPhase section */

/* Begin PBXShellScriptBuildPhase section */
		24E75B43AF0BCC50D914ADC6 /* [CP] Check Pods Manifest.lock */ = {
			isa = PBXShellScriptBuildPhase;
			buildActionMask = 2147483647;
			files = (
			);
			inputFileListPaths = (
			);
			inputPaths = (
				"${PODS_PODFILE_DIR_PATH}/Podfile.lock",
				"${PODS_ROOT}/Manifest.lock",
			);
			name = "[CP] Check Pods Manifest.lock";
			outputFileListPaths = (
			);
			outputPaths = (
				"$(DERIVED_FILE_DIR)/Pods-CityAirportSearch-checkManifestLockResult.txt",
			);
			runOnlyForDeploymentPostprocessing = 0;
			shellPath = /bin/sh;
			shellScript = "diff \"${PODS_PODFILE_DIR_PATH}/Podfile.lock\" \"${PODS_ROOT}/Manifest.lock\" > /dev/null\nif [ $? != 0 ] ; then\n    # print error to STDERR\n    echo \"error: The sandbox is not in sync with the Podfile.lock. Run 'pod install' or update your CocoaPods installation.\" >&2\n    exit 1\nfi\n# This output is used by Xcode 'outputs' to avoid re-running this script phase.\necho \"SUCCESS\" > \"${SCRIPT_OUTPUT_FILE_0}\"\n";
			showEnvVarsInLog = 0;
		};
		E4139067DF84372ABE722566 /* [CP] Embed Pods Frameworks */ = {
			isa = PBXShellScriptBuildPhase;
			buildActionMask = 2147483647;
			files = (
			);
			inputFileListPaths = (
				"${PODS_ROOT}/Target Support Files/Pods-CityAirportSearch/Pods-CityAirportSearch-frameworks-${CONFIGURATION}-input-files.xcfilelist",
			);
			name = "[CP] Embed Pods Frameworks";
			outputFileListPaths = (
				"${PODS_ROOT}/Target Support Files/Pods-CityAirportSearch/Pods-CityAirportSearch-frameworks-${CONFIGURATION}-output-files.xcfilelist",
			);
			runOnlyForDeploymentPostprocessing = 0;
			shellPath = /bin/sh;
			shellScript = "\"${PODS_ROOT}/Target Support Files/Pods-CityAirportSearch/Pods-CityAirportSearch-frameworks.sh\"\n";
			showEnvVarsInLog = 0;
		};
/* End PBXShellScriptBuildPhase section */

/* Begin PBXSourcesBuildPhase section */
		2CA2BB2427946BAB00F8D107 /* Sources */ = {
			isa = PBXSourcesBuildPhase;
			buildActionMask = 2147483647;
			files = (
				2CA2BB3027946BAB00F8D107 /* SearchCityViewController.swift in Sources */,
				2CA2BB59279481BF00F8D107 /* AirportHttpRouter.swift in Sources */,
				2CA3893F27968AF6004458C3 /* AirportsCoordinator.swift in Sources */,
				2CA2BB6327948AE700F8D107 /* CustomError.swift in Sources */,
				2CA2BB552794813100F8D107 /* HttpService.swift in Sources */,
				2CA2BB2C27946BAB00F8D107 /* AppDelegate.swift in Sources */,
				2CA2BB53279480C000F8D107 /* HttpRouter.swift in Sources */,
				2CA2BB472794717D00F8D107 /* Coordinator.swift in Sources */,
				2CCEFBEB279530AD005DCD70 /* CityViewModel.swift in Sources */,
				2CA2BB572794817B00F8D107 /* AirportHttpService.swift in Sources */,
				2CA2BB452794715400F8D107 /* SearchCityCoordinator.swift in Sources */,
				2CA2BB4A2794728500F8D107 /* BaseCoordinator.swift in Sources */,
				2CA2BB2E27946BAB00F8D107 /* SceneDelegate.swift in Sources */,
				2C011F34279713A800B38785 /* AirportTableViewCell.swift in Sources */,
				2C011F372797166500B38785 /* AirportViewModel.swift in Sources */,
				2CA2BB5D279483F700F8D107 /* AirportAPI.swift in Sources */,
				2CA2BB4F2794761D00F8D107 /* AppCoordinator.swift in Sources */,
				2C54FBD2279A68CD00A537FB /* LocationService.swift in Sources */,
				2CA3893B27968281004458C3 /* AirportsViewController.swift in Sources */,
				2CA3893D279682F2004458C3 /* AirportsViewModel.swift in Sources */,
				2CCEFBEE27953AD6005DCD70 /* CityTableViewCell.swift in Sources */,
				2CA2BB4227946E9000F8D107 /* SearchCityViewModel.swift in Sources */,
				2CA2BB4D279472F000F8D107 /* Storyboardable.swift in Sources */,
				2CA2BB5B279483D400F8D107 /* AirportService.swift in Sources */,
				2CA2BB61279484B700F8D107 /* AirportModel.swift in Sources */,
			);
			runOnlyForDeploymentPostprocessing = 0;
		};
/* End PBXSourcesBuildPhase section */

/* Begin PBXVariantGroup section */
		2CA2BB3127946BAB00F8D107 /* Main.storyboard */ = {
			isa = PBXVariantGroup;
			children = (
				2CA2BB3227946BAB00F8D107 /* Base */,
			);
			name = Main.storyboard;
			sourceTree = "<group>";
		};
		2CA2BB3627946BAB00F8D107 /* LaunchScreen.storyboard */ = {
			isa = PBXVariantGroup;
			children = (
				2CA2BB3727946BAB00F8D107 /* Base */,
			);
			name = LaunchScreen.storyboard;
			sourceTree = "<group>";
		};
/* End PBXVariantGroup section */

/* Begin XCBuildConfiguration section */
		2CA2BB3A27946BAB00F8D107 /* Debug */ = {
			isa = XCBuildConfiguration;
			buildSettings = {
				ALWAYS_SEARCH_USER_PATHS = NO;
				CLANG_ANALYZER_NONNULL = YES;
				CLANG_ANALYZER_NUMBER_OBJECT_CONVERSION = YES_AGGRESSIVE;
				CLANG_CXX_LANGUAGE_STANDARD = "gnu++17";
				CLANG_CXX_LIBRARY = "libc++";
				CLANG_ENABLE_MODULES = YES;
				CLANG_ENABLE_OBJC_ARC = YES;
				CLANG_ENABLE_OBJC_WEAK = YES;
				CLANG_WARN_BLOCK_CAPTURE_AUTORELEASING = YES;
				CLANG_WARN_BOOL_CONVERSION = YES;
				CLANG_WARN_COMMA = YES;
				CLANG_WARN_CONSTANT_CONVERSION = YES;
				CLANG_WARN_DEPRECATED_OBJC_IMPLEMENTATIONS = YES;
				CLANG_WARN_DIRECT_OBJC_ISA_USAGE = YES_ERROR;
				CLANG_WARN_DOCUMENTATION_COMMENTS = YES;
				CLANG_WARN_EMPTY_BODY = YES;
				CLANG_WARN_ENUM_CONVERSION = YES;
				CLANG_WARN_INFINITE_RECURSION = YES;
				CLANG_WARN_INT_CONVERSION = YES;
				CLANG_WARN_NON_LITERAL_NULL_CONVERSION = YES;
				CLANG_WARN_OBJC_IMPLICIT_RETAIN_SELF = YES;
				CLANG_WARN_OBJC_LITERAL_CONVERSION = YES;
				CLANG_WARN_OBJC_ROOT_CLASS = YES_ERROR;
				CLANG_WARN_QUOTED_INCLUDE_IN_FRAMEWORK_HEADER = YES;
				CLANG_WARN_RANGE_LOOP_ANALYSIS = YES;
				CLANG_WARN_STRICT_PROTOTYPES = YES;
				CLANG_WARN_SUSPICIOUS_MOVE = YES;
				CLANG_WARN_UNGUARDED_AVAILABILITY = YES_AGGRESSIVE;
				CLANG_WARN_UNREACHABLE_CODE = YES;
				CLANG_WARN__DUPLICATE_METHOD_MATCH = YES;
				COPY_PHASE_STRIP = NO;
				DEBUG_INFORMATION_FORMAT = dwarf;
				ENABLE_STRICT_OBJC_MSGSEND = YES;
				ENABLE_TESTABILITY = YES;
				GCC_C_LANGUAGE_STANDARD = gnu11;
				GCC_DYNAMIC_NO_PIC = NO;
				GCC_NO_COMMON_BLOCKS = YES;
				GCC_OPTIMIZATION_LEVEL = 0;
				GCC_PREPROCESSOR_DEFINITIONS = (
					"DEBUG=1",
					"$(inherited)",
				);
				GCC_WARN_64_TO_32_BIT_CONVERSION = YES;
				GCC_WARN_ABOUT_RETURN_TYPE = YES_ERROR;
				GCC_WARN_UNDECLARED_SELECTOR = YES;
				GCC_WARN_UNINITIALIZED_AUTOS = YES_AGGRESSIVE;
				GCC_WARN_UNUSED_FUNCTION = YES;
				GCC_WARN_UNUSED_VARIABLE = YES;
				IPHONEOS_DEPLOYMENT_TARGET = 15.2;
				MTL_ENABLE_DEBUG_INFO = INCLUDE_SOURCE;
				MTL_FAST_MATH = YES;
				ONLY_ACTIVE_ARCH = YES;
				SDKROOT = iphoneos;
				SWIFT_ACTIVE_COMPILATION_CONDITIONS = DEBUG;
				SWIFT_OPTIMIZATION_LEVEL = "-Onone";
			};
			name = Debug;
		};
		2CA2BB3B27946BAB00F8D107 /* Release */ = {
			isa = XCBuildConfiguration;
			buildSettings = {
				ALWAYS_SEARCH_USER_PATHS = NO;
				CLANG_ANALYZER_NONNULL = YES;
				CLANG_ANALYZER_NUMBER_OBJECT_CONVERSION = YES_AGGRESSIVE;
				CLANG_CXX_LANGUAGE_STANDARD = "gnu++17";
				CLANG_CXX_LIBRARY = "libc++";
				CLANG_ENABLE_MODULES = YES;
				CLANG_ENABLE_OBJC_ARC = YES;
				CLANG_ENABLE_OBJC_WEAK = YES;
				CLANG_WARN_BLOCK_CAPTURE_AUTORELEASING = YES;
				CLANG_WARN_BOOL_CONVERSION = YES;
				CLANG_WARN_COMMA = YES;
				CLANG_WARN_CONSTANT_CONVERSION = YES;
				CLANG_WARN_DEPRECATED_OBJC_IMPLEMENTATIONS = YES;
				CLANG_WARN_DIRECT_OBJC_ISA_USAGE = YES_ERROR;
				CLANG_WARN_DOCUMENTATION_COMMENTS = YES;
				CLANG_WARN_EMPTY_BODY = YES;
				CLANG_WARN_ENUM_CONVERSION = YES;
				CLANG_WARN_INFINITE_RECURSION = YES;
				CLANG_WARN_INT_CONVERSION = YES;
				CLANG_WARN_NON_LITERAL_NULL_CONVERSION = YES;
				CLANG_WARN_OBJC_IMPLICIT_RETAIN_SELF = YES;
				CLANG_WARN_OBJC_LITERAL_CONVERSION = YES;
				CLANG_WARN_OBJC_ROOT_CLASS = YES_ERROR;
				CLANG_WARN_QUOTED_INCLUDE_IN_FRAMEWORK_HEADER = YES;
				CLANG_WARN_RANGE_LOOP_ANALYSIS = YES;
				CLANG_WARN_STRICT_PROTOTYPES = YES;
				CLANG_WARN_SUSPICIOUS_MOVE = YES;
				CLANG_WARN_UNGUARDED_AVAILABILITY = YES_AGGRESSIVE;
				CLANG_WARN_UNREACHABLE_CODE = YES;
				CLANG_WARN__DUPLICATE_METHOD_MATCH = YES;
				COPY_PHASE_STRIP = NO;
				DEBUG_INFORMATION_FORMAT = "dwarf-with-dsym";
				ENABLE_NS_ASSERTIONS = NO;
				ENABLE_STRICT_OBJC_MSGSEND = YES;
				GCC_C_LANGUAGE_STANDARD = gnu11;
				GCC_NO_COMMON_BLOCKS = YES;
				GCC_WARN_64_TO_32_BIT_CONVERSION = YES;
				GCC_WARN_ABOUT_RETURN_TYPE = YES_ERROR;
				GCC_WARN_UNDECLARED_SELECTOR = YES;
				GCC_WARN_UNINITIALIZED_AUTOS = YES_AGGRESSIVE;
				GCC_WARN_UNUSED_FUNCTION = YES;
				GCC_WARN_UNUSED_VARIABLE = YES;
				IPHONEOS_DEPLOYMENT_TARGET = 15.2;
				MTL_ENABLE_DEBUG_INFO = NO;
				MTL_FAST_MATH = YES;
				SDKROOT = iphoneos;
				SWIFT_COMPILATION_MODE = wholemodule;
				SWIFT_OPTIMIZATION_LEVEL = "-O";
				VALIDATE_PRODUCT = YES;
			};
			name = Release;
		};
		2CA2BB3D27946BAB00F8D107 /* Debug */ = {
			isa = XCBuildConfiguration;
			baseConfigurationReference = F71795402999FDCCFB8F7BC0 /* Pods-CityAirportSearch.debug.xcconfig */;
			buildSettings = {
				ASSETCATALOG_COMPILER_APPICON_NAME = AppIcon;
				ASSETCATALOG_COMPILER_GLOBAL_ACCENT_COLOR_NAME = AccentColor;
				CODE_SIGN_STYLE = Automatic;
				CURRENT_PROJECT_VERSION = 1;
				DEVELOPMENT_TEAM = VKGAQDGK5R;
				GENERATE_INFOPLIST_FILE = YES;
				INFOPLIST_FILE = CityAirportSearch/Info.plist;
				INFOPLIST_KEY_UIApplicationSupportsIndirectInputEvents = YES;
				INFOPLIST_KEY_UILaunchStoryboardName = LaunchScreen;
				INFOPLIST_KEY_UISupportedInterfaceOrientations_iPad = "UIInterfaceOrientationPortrait UIInterfaceOrientationPortraitUpsideDown UIInterfaceOrientationLandscapeLeft UIInterfaceOrientationLandscapeRight";
				INFOPLIST_KEY_UISupportedInterfaceOrientations_iPhone = "UIInterfaceOrientationPortrait UIInterfaceOrientationLandscapeLeft UIInterfaceOrientationLandscapeRight";
				IPHONEOS_DEPLOYMENT_TARGET = 15.0;
				LD_RUNPATH_SEARCH_PATHS = (
					"$(inherited)",
					"@executable_path/Frameworks",
				);
				MARKETING_VERSION = 1.0;
				PRODUCT_BUNDLE_IDENTIFIER = com.boni.CityAirportSearch;
				PRODUCT_NAME = "$(TARGET_NAME)";
				SWIFT_EMIT_LOC_STRINGS = YES;
				SWIFT_VERSION = 5.0;
				TARGETED_DEVICE_FAMILY = "1,2";
			};
			name = Debug;
		};
		2CA2BB3E27946BAB00F8D107 /* Release */ = {
			isa = XCBuildConfiguration;
			baseConfigurationReference = 5A88F7E8F96DC19E78A7FDAC /* Pods-CityAirportSearch.release.xcconfig */;
			buildSettings = {
				ASSETCATALOG_COMPILER_APPICON_NAME = AppIcon;
				ASSETCATALOG_COMPILER_GLOBAL_ACCENT_COLOR_NAME = AccentColor;
				CODE_SIGN_STYLE = Automatic;
				CURRENT_PROJECT_VERSION = 1;
				DEVELOPMENT_TEAM = VKGAQDGK5R;
				GENERATE_INFOPLIST_FILE = YES;
				INFOPLIST_FILE = CityAirportSearch/Info.plist;
				INFOPLIST_KEY_UIApplicationSupportsIndirectInputEvents = YES;
				INFOPLIST_KEY_UILaunchStoryboardName = LaunchScreen;
				INFOPLIST_KEY_UISupportedInterfaceOrientations_iPad = "UIInterfaceOrientationPortrait UIInterfaceOrientationPortraitUpsideDown UIInterfaceOrientationLandscapeLeft UIInterfaceOrientationLandscapeRight";
				INFOPLIST_KEY_UISupportedInterfaceOrientations_iPhone = "UIInterfaceOrientationPortrait UIInterfaceOrientationLandscapeLeft UIInterfaceOrientationLandscapeRight";
				IPHONEOS_DEPLOYMENT_TARGET = 15.0;
				LD_RUNPATH_SEARCH_PATHS = (
					"$(inherited)",
					"@executable_path/Frameworks",
				);
				MARKETING_VERSION = 1.0;
				PRODUCT_BUNDLE_IDENTIFIER = com.boni.CityAirportSearch;
				PRODUCT_NAME = "$(TARGET_NAME)";
				SWIFT_EMIT_LOC_STRINGS = YES;
				SWIFT_VERSION = 5.0;
				TARGETED_DEVICE_FAMILY = "1,2";
			};
			name = Release;
		};
/* End XCBuildConfiguration section */

/* Begin XCConfigurationList section */
		2CA2BB2327946BAB00F8D107 /* Build configuration list for PBXProject "CityAirportSearch" */ = {
			isa = XCConfigurationList;
			buildConfigurations = (
				2CA2BB3A27946BAB00F8D107 /* Debug */,
				2CA2BB3B27946BAB00F8D107 /* Release */,
			);
			defaultConfigurationIsVisible = 0;
			defaultConfigurationName = Release;
		};
		2CA2BB3C27946BAB00F8D107 /* Build configuration list for PBXNativeTarget "CityAirportSearch" */ = {
			isa = XCConfigurationList;
			buildConfigurations = (
				2CA2BB3D27946BAB00F8D107 /* Debug */,
				2CA2BB3E27946BAB00F8D107 /* Release */,
			);
			defaultConfigurationIsVisible = 0;
			defaultConfigurationName = Release;
		};
/* End XCConfigurationList section */
	};
	rootObject = 2CA2BB2027946BAB00F8D107 /* Project object */;
}
